
Microsoft Visual Studio Solution File, Format Version 12.00
# Visual Studio Version 17
VisualStudioVersion = 17.5.002.0
MinimumVisualStudioVersion = 10.0.40219.1
Project("{9A19103F-16F7-4668-BE54-9A1E7A4F7556}") = "AllAboutTuples", "AllAboutTuples.csproj", "{682CC166-06EC-4942-A7D7-9AA02D79C848}"
EndProject
Global
	GlobalSection(SolutionConfigurationPlatforms) = preSolution
		Debug|Any CPU = Debug|Any CPU
		Release|Any CPU = Release|Any CPU
	EndGlobalSection
	GlobalSection(ProjectConfigurationPlatforms) = postSolution
		{682CC166-06EC-4942-A7D7-9AA02D79C848}.Debug|Any CPU.ActiveCfg = Debug|Any CPU
		{682CC166-06EC-4942-A7D7-9AA02D79C848}.Debug|Any CPU.Build.0 = Debug|Any CPU
		{682CC166-06EC-4942-A7D7-9AA02D79C848}.Release|Any CPU.ActiveCfg = Release|Any CPU
		{682CC166-06EC-4942-A7D7-9AA02D79C848}.Release|Any CPU.Build.0 = Release|Any CPU
	EndGlobalSection
	GlobalSection(SolutionProperties) = preSolution
		HideSolutionNode = FALSE
	EndGlobalSection
	GlobalSection(ExtensibilityGlobals) = postSolution
		SolutionGuid = {3B7B099A-8180-43F8-8FCF-FD5BDA4B1EBC}
	EndGlobalSection
EndGlobal
